
Microsoft Visual Studio Solution File, Format Version 12.00
# Visual Studio Version 16
VisualStudioVersion = 16.0.31911.196
MinimumVisualStudioVersion = 10.0.40219.1
Project("{FAE04EC0-301F-11D3-BF4B-00C04F79EFBC}") = "Lab23", "Lab23\Lab23.csproj", "{C74AC337-C643-4833-8F53-6FB293FE6BC5}"
EndProject
Global
	GlobalSection(SolutionConfigurationPlatforms) = preSolution
		Debug|Any CPU = Debug|Any CPU
		Release|Any CPU = Release|Any CPU
	EndGlobalSection
	GlobalSection(ProjectConfigurationPlatforms) = postSolution
		{C74AC337-C643-4833-8F53-6FB293FE6BC5}.Debug|Any CPU.ActiveCfg = Debug|Any CPU
		{C74AC337-C643-4833-8F53-6FB293FE6BC5}.Debug|Any CPU.Build.0 = Debug|Any CPU
		{C74AC337-C643-4833-8F53-6FB293FE6BC5}.Release|Any CPU.ActiveCfg = Release|Any CPU
		{C74AC337-C643-4833-8F53-6FB293FE6BC5}.Release|Any CPU.Build.0 = Release|Any CPU
	EndGlobalSection
	GlobalSection(SolutionProperties) = preSolution
		HideSolutionNode = FALSE
	EndGlobalSection
	GlobalSection(ExtensibilityGlobals) = postSolution
		SolutionGuid = {DA6D81D2-A152-4E39-BBF0-4BB49521A922}
	EndGlobalSection
EndGlobal
